
Microsoft Visual Studio Solution File, Format Version 12.00
# Visual Studio Version 17
VisualStudioVersion = 17.2.32516.85
MinimumVisualStudioVersion = 10.0.40219.1
Project("{D954291E-2A0B-460D-934E-DC6B0785DB48}") = "SIS.Shared", "SIS.Shared\SIS.Shared.shproj", "{F5477151-43CE-4228-B91F-9573F137B2FD}"
EndProject
Global
	GlobalSection(SolutionConfigurationPlatforms) = preSolution
		Debug|Any CPU = Debug|Any CPU
		Release|Any CPU = Release|Any CPU
	EndGlobalSection
	GlobalSection(SolutionProperties) = preSolution
		HideSolutionNode = FALSE
	EndGlobalSection
	GlobalSection(ExtensibilityGlobals) = postSolution
		SolutionGuid = {829AB916-0B67-477C-BA16-A8A783A9171D}
	EndGlobalSection
	GlobalSection(SharedMSBuildProjectFiles) = preSolution
		SIS.Shared\SIS.Shared.projitems*{f5477151-43ce-4228-b91f-9573f137b2fd}*SharedItemsImports = 13
	EndGlobalSection
EndGlobal
